
Microsoft Visual Studio Solution File, Format Version 12.00
# Visual Studio Version 16
VisualStudioVersion = 16.0.29326.143
MinimumVisualStudioVersion = 10.0.40219.1
Project("{FAE04EC0-301F-11D3-BF4B-00C04F79EFBC}") = "JPNET_01", "JPNET_01\JPNET_01.csproj", "{EE55A78D-2131-48E1-8C45-C07964AA962B}"
EndProject
Global
	GlobalSection(SolutionConfigurationPlatforms) = preSolution
		Debug|Any CPU = Debug|Any CPU
		Release|Any CPU = Release|Any CPU
	EndGlobalSection
	GlobalSection(ProjectConfigurationPlatforms) = postSolution
		{EE55A78D-2131-48E1-8C45-C07964AA962B}.Debug|Any CPU.ActiveCfg = Debug|Any CPU
		{EE55A78D-2131-48E1-8C45-C07964AA962B}.Debug|Any CPU.Build.0 = Debug|Any CPU
		{EE55A78D-2131-48E1-8C45-C07964AA962B}.Release|Any CPU.ActiveCfg = Release|Any CPU
		{EE55A78D-2131-48E1-8C45-C07964AA962B}.Release|Any CPU.Build.0 = Release|Any CPU
	EndGlobalSection
	GlobalSection(SolutionProperties) = preSolution
		HideSolutionNode = FALSE
	EndGlobalSection
	GlobalSection(ExtensibilityGlobals) = postSolution
		SolutionGuid = {D7658102-8709-42FD-80DB-B9C35AC447CF}
	EndGlobalSection
EndGlobal
